
Microsoft Visual Studio Solution File, Format Version 12.00
# Visual Studio Version 17
VisualStudioVersion = 17.7.34202.233
MinimumVisualStudioVersion = 10.0.40219.1
Project("{FAE04EC0-301F-11D3-BF4B-00C04F79EFBC}") = "BD1", "BD1.csproj", "{F205374F-4CE8-4CF5-B909-261431D8E765}"
EndProject
Global
	GlobalSection(SolutionConfigurationPlatforms) = preSolution
		Debug|Any CPU = Debug|Any CPU
		Release|Any CPU = Release|Any CPU
	EndGlobalSection
	GlobalSection(ProjectConfigurationPlatforms) = postSolution
		{F205374F-4CE8-4CF5-B909-261431D8E765}.Debug|Any CPU.ActiveCfg = Debug|Any CPU
		{F205374F-4CE8-4CF5-B909-261431D8E765}.Debug|Any CPU.Build.0 = Debug|Any CPU
		{F205374F-4CE8-4CF5-B909-261431D8E765}.Release|Any CPU.ActiveCfg = Release|Any CPU
		{F205374F-4CE8-4CF5-B909-261431D8E765}.Release|Any CPU.Build.0 = Release|Any CPU
	EndGlobalSection
	GlobalSection(SolutionProperties) = preSolution
		HideSolutionNode = FALSE
	EndGlobalSection
	GlobalSection(ExtensibilityGlobals) = postSolution
		SolutionGuid = {76CFEAA7-1507-42B2-88BF-8C4AFB0CB091}
	EndGlobalSection
EndGlobal
